[root]
name = "my-project"
version = "0.1.0"
edition = "2018"

[[package]]
name = "reqwest"
version = "0.11.4"
source = "registry+https://github.com/rust-lang/crates.io-index"
checksum = "21d6979b3c1d618a1013b3b3e141ed428b2ef9b1db0c1cbe23f14d260d450c48"

[[package]]
name = "serde"
version = "1.0.130"
source = "registry+https://github.com/rust-lang/crates.io-index"
checksum = "65c1c41b5f1e504923a8a4787e263f81f1d6c7b1e95a28601b1f9eaa43e8b2bc"

[[package]]
name = "tokio"
version = "1.10.0"
source = "registry+https://github.com/rust-lang/crates.io-index"
checksum = "f228ec2c8c6f26e1eeb0553e2a15d876cbf1edcf54368e84907647c2aebafade"

[[package]]
name = "actix-web"
version = "3.3.2"
source = "registry+https://github.com/rust-lang/crates.io-index"
checksum = "4b2ee9a83f687a05f6f0ad0bb36f1e7178db0e53b3dab0502accd8fc2d6f1839"

[[package]]
name = "diesel"
version = "1.4.7"
source = "registry+https://github.com/rust-lang/crates.io-index"
checksum = "165bf4de43ff51b9b4b9c0a5c4b91e20498843916624c6ea8a9b5c35f285e181"

[[package]]
name = "actix"
version = "0.12.0"
source = "registry+https://github.com/rust-lang/crates.io-index"
checksum = "fc3195d1147af5a7438172d1c3557d228226855a587f50ce0d62a179cdd41735"

[[package]]
name = "serde_json"
version = "1.0.68"
source = "registry+https://github.com/rust-lang/crates.io-index"
checksum = "df009f3b116a69915c5f81b9e23f3b2449f33c3e3d24af6edf8d8303bce4a7a1"

[[package]]
name = "log"
version = "0.4.14"
source = "registry+https://github.com/rust-lang/crates.io-index"
checksum = "d122d6bf737b78931b18848d8904d90c42c0d59a777b106b2482e9b477a640f4"

[[package]]
name = "rand"
version = "0.8.4"
source = "registry+https://github.com/rust-lang/crates.io-index"
checksum = "b2d95a81ff4d2e47f4e3499c63195b9191e3388deeb523eef14e65f8e2a719c3"

[[package]]
name = "actix-rt"
version = "2.5.0"
source = "registry+https://github.com/rust-lang/crates.io-index"
checksum = "2a9832003b4022a9766a9e3e9f65cb733a47c2c79712fcd4be08cb785d8f0b95"

[metadata]
"checksum format version" = "1"
