# THIS IS AN AUTOGENERATED FILE. DO NOT EDIT THIS FILE DIRECTLY.
# yarn lockfile v1


async@^3.1.0:
  version "3.2.0"
  resolved "https://registry.yarnpkg.com/async/-/async-3.2.0.tgz"
  integrity sha512-8F4O+rbp4XqDeq4Z6xd5LqdfmhW6OhLbWdGFu2wLDDu/4aQyp4oLzXoX1/8Y9sjXlqFa8+w7dXJKUWqr+tN9zA==
  dependencies:
    lodash "^4.17.21"

axios@^0.21.1:
  version "0.21.4"
  resolved "https://registry.yarnpkg.com/axios/-/axios-0.21.4.tgz"
  integrity sha512-dW8csfBxCb4Q/2vF4ljeWv2XfWX0TpgwRtqwkr2X/mxLxKqtINRm0o4jF2/CkKbQG+uxHa8+mq3gsL8rL/Da9A==
  dependencies:
    follow-redirects "^1.14.0"

lodash@^4.17.21:
  version "4.17.21"
  resolved "https://registry.yarnpkg.com/lodash/-/lodash-4.17.21.tgz"
  integrity sha512-v2kDEe57lecTulaDIuNTPy3Ry4gLGJ6Z1O3vE1krgXZNrsQ+LFTGHVxVjcXPs17LhbZVGedAJv8XZ1tvj5FvSg==

react@^17.0.2:
  version "17.0.2"
  resolved "https://registry.yarnpkg.com/react/-/react-17.0.2.tgz"
  integrity sha512-+3vIq5n+0JQDRT/TB9g2uGZK3SHZIO6M8SWRljJrAg/CRZBuQ+Jt0zitP3q2UtbZb0ZaEtP0pHo8d7qP2W1pA==
  dependencies:
    loose-envify "^1.1.0"
    object-assign "^4.1.1"

react-dom@^17.0.2:
  version "17.0.2"
  resolved "https://registry.yarnpkg.com/react-dom/-/react-dom-17.0.2.tgz"
  integrity sha512-MYhLVPvsqmcJbZ2x2wVJ1AsafyYdW0JNJWFT2wsYgT8PZXka3jAWuRzWWcFKk2UeUV1WqqcJsnjZoMQiWZf+bw==
  dependencies:
    loose-envify "^1.1.0"
    object-assign "^4.1.1"

webpack@^5.51.1:
  version "5.51.1"
  resolved "https://registry.yarnpkg.com/webpack/-/webpack-5.51.1.tgz"
  integrity sha512-XKNl+sBmX3X3a3lg3faS+3hriiKnbuVIK5Ks/D72E4qos6VzgEXrC5Ce8FLo0TjbD/yqNSIRzE1GJPeET2+x9w==
  dependencies:
    "@types/eslint-scope" "^3.7.1"
    "@types/graceful-fs" "^4.2.4"
    "@types/node" "^16.0.0"
    "@webpack-cli/configtest" "^2.1.0"
    "ajv" "^8.10.0"
    "chrome-trace-event" "^1.0.3"
    "enhanced-resolve" "^5.8.1"
    "eslint-scope" "^5.1.1"
    "fast-json-stable-stringify" "^2.0.0"
    "graceful-fs" "^4.2.6"
    "neo-async" "^2.6.2"
    "schema-utils" "^3.1.1"
    "tapable" "^2.2.0"
    "terser-webpack-plugin" "^5.2.2"
    "uuid" "^8.3.2"
    "webpack-sources" "^3.1.3"
    "yargs" "^17.0.1"

yargs@^17.0.1:
  version "17.2.1"
  resolved "https://registry.yarnpkg.com/yargs/-/yargs-17.2.1.tgz"
  integrity sha512-Ox6TSvKEUa8B9aXWv34T+Ef+YaCl6y1+t6uEEXYdL4K9mXJ7THif03UhrBqLG6sd0Ri2yl0HgfMdNuXyE6IBpg==
  dependencies:
    cliui "^7.0.2"
    escalade "^3.1.1"
    get-caller-file "^2.0.5"
    require-directory "^2.1.1"
    string-width "^4.2.2"
    y18n "^5.0.5"


