github.com/dgrijalva/jwt-go v3.2.0+incompatible/go.mod h1:Ms1QVDD7bIoIj7yD1XJh2Zd6SeEeJpcoUzzCNWj9DI0=
github.com/go-sql-driver/mysql v1.7.0/go.mod h1:ODnGCgAgVcCkgXELpdMbzE3YpKs3YKwTt3qvG9D7uHw=
github.com/gorilla/mux v1.8.0/go.mod h1:jmaZGTiQtbW7EzK5eh8eADnBlyHF9egLgRGr1iwFfUk=
github.com/jinzhu/gorm v1.9.16/go.mod h1:XUh7P8IaGQ0YYo0uJJtMQunLwS6CXd6uk3VLpY6DlYI=
github.com/joho/godotenv v1.3.0/go.mod h1:1Azm6RFQXzZ8R2H2yoRUjVH3enx1rNUfP42y3MgzNwU=
github.com/lib/pq v1.10.2/go.mod h1:c0V8KUeD2Y79Ld5kdDkTEFfOfIM3s3y/6jmqnRbZzvs=
golang.org/x/crypto v0.0.0-20210322153248-18dbda23ff6d/go.mod h1:ZX9e+HF3bnYNG0gPPcXqCkU83sxdPF8NlxyDLTQ1z5A=
golang.org/x/net v0.0.0-20210226172049-e18ecbb05110/go.mod h1:JI+DJy8sSR0D0c+GhV0Qcc4UwdtbSsgGy/B/VuZC6jw=
golang.org/x/oauth2 v0.0.0-20210907185913-2a542ae4f56b/go.mod h1:7SC4lIeH/jc2KQ8/rPAN+tVKN2Dc2J4SrgYBv1cH5C0=
golang.org/x/sys v0.0.0-20210813155649-8817858c46ea/go.mod h1:w/3i4tH0v70vOw8tBtA+uU9aZAKsZa6ZwQSeOkRkrRg=
golang.org/x/text v0.3.7/go.mod h1:b1VfYGWcvPBEWIoNNKv6OfdP8rWhv1X0mzLs5BsyNEw=
golang.org/x/time v0.0.0-20210608171925-7e80b5be02a6/go.mod h1:VKqtk86s6l3uTKZ4Aw8gJlCzN4WkNQ4e9QW9E6yCmO0=
google.golang.org/api v0.52.0/go.mod h1:xRkQRYvlzzN/zK20qnt24sQLd53h5xQzIvU4frigcqA=
google.golang.org/appengine v1.6.7/go.mod h1:SW3yNiXJ1YcfvRA3JUk3hFY2a8hazS12OTJ6aWh6heo=
google.golang.org/genproto v0.0.0-20210813180522-139b3d30bde2/go.mod h1:G9+us7QuvXYHY7dFsy8szcS7zFqDmNAmesGZQfA1De0=
google.golang.org/grpc v1.40.0/go.mod h1:nENiEOD2R5TBnVU7TQbm0le74Xoz7JlO9zFz1y2uxI0=
